
Microsoft Visual Studio Solution File, Format Version 12.00
# Visual Studio Version 16
VisualStudioVersion = 16.0.29025.244
MinimumVisualStudioVersion = 10.0.40219.1
Project("{FAE04EC0-301F-11D3-BF4B-00C04F79EFBC}") = "Trigger", "Trigger\Trigger.csproj", "{4646F0B2-152D-4EF6-A786-53FF68B9B7B6}"
EndProject
Global
	GlobalSection(SolutionConfigurationPlatforms) = preSolution
		Debug|Any CPU = Debug|Any CPU
		Release|Any CPU = Release|Any CPU
	EndGlobalSection
	GlobalSection(ProjectConfigurationPlatforms) = postSolution
		{4646F0B2-152D-4EF6-A786-53FF68B9B7B6}.Debug|Any CPU.ActiveCfg = Debug|Any CPU
		{4646F0B2-152D-4EF6-A786-53FF68B9B7B6}.Debug|Any CPU.Build.0 = Debug|Any CPU
		{4646F0B2-152D-4EF6-A786-53FF68B9B7B6}.Release|Any CPU.ActiveCfg = Release|Any CPU
		{4646F0B2-152D-4EF6-A786-53FF68B9B7B6}.Release|Any CPU.Build.0 = Release|Any CPU
	EndGlobalSection
	GlobalSection(SolutionProperties) = preSolution
		HideSolutionNode = FALSE
	EndGlobalSection
	GlobalSection(ExtensibilityGlobals) = postSolution
		SolutionGuid = {610479D6-303B-4890-841E-DD4B5954B008}
	EndGlobalSection
EndGlobal
