
Microsoft Visual Studio Solution File, Format Version 12.00
# Visual Studio Version 16
VisualStudioVersion = 16.0.29025.244
MinimumVisualStudioVersion = 10.0.40219.1
Project("{FAE04EC0-301F-11D3-BF4B-00C04F79EFBC}") = "WiederholungTag1", "WiederholungTag1\WiederholungTag1.csproj", "{57EFABB7-9B93-45E4-B9D6-51578BFDA81E}"
EndProject
Global
	GlobalSection(SolutionConfigurationPlatforms) = preSolution
		Debug|Any CPU = Debug|Any CPU
		Release|Any CPU = Release|Any CPU
	EndGlobalSection
	GlobalSection(ProjectConfigurationPlatforms) = postSolution
		{57EFABB7-9B93-45E4-B9D6-51578BFDA81E}.Debug|Any CPU.ActiveCfg = Debug|Any CPU
		{57EFABB7-9B93-45E4-B9D6-51578BFDA81E}.Debug|Any CPU.Build.0 = Debug|Any CPU
		{57EFABB7-9B93-45E4-B9D6-51578BFDA81E}.Release|Any CPU.ActiveCfg = Release|Any CPU
		{57EFABB7-9B93-45E4-B9D6-51578BFDA81E}.Release|Any CPU.Build.0 = Release|Any CPU
	EndGlobalSection
	GlobalSection(SolutionProperties) = preSolution
		HideSolutionNode = FALSE
	EndGlobalSection
	GlobalSection(ExtensibilityGlobals) = postSolution
		SolutionGuid = {803E947A-1931-40B7-8B40-F5D3E83E9B09}
	EndGlobalSection
EndGlobal
