
Microsoft Visual Studio Solution File, Format Version 12.00
# Visual Studio Version 16
VisualStudioVersion = 16.0.29025.244
MinimumVisualStudioVersion = 10.0.40219.1
Project("{FAE04EC0-301F-11D3-BF4B-00C04F79EFBC}") = "Lokalisierung", "Lokalisierung\Lokalisierung.csproj", "{D79C5AD3-FE3F-4127-9F60-0CA900FC2204}"
EndProject
Global
	GlobalSection(SolutionConfigurationPlatforms) = preSolution
		Debug|Any CPU = Debug|Any CPU
		Release|Any CPU = Release|Any CPU
	EndGlobalSection
	GlobalSection(ProjectConfigurationPlatforms) = postSolution
		{D79C5AD3-FE3F-4127-9F60-0CA900FC2204}.Debug|Any CPU.ActiveCfg = Debug|Any CPU
		{D79C5AD3-FE3F-4127-9F60-0CA900FC2204}.Debug|Any CPU.Build.0 = Debug|Any CPU
		{D79C5AD3-FE3F-4127-9F60-0CA900FC2204}.Release|Any CPU.ActiveCfg = Release|Any CPU
		{D79C5AD3-FE3F-4127-9F60-0CA900FC2204}.Release|Any CPU.Build.0 = Release|Any CPU
	EndGlobalSection
	GlobalSection(SolutionProperties) = preSolution
		HideSolutionNode = FALSE
	EndGlobalSection
	GlobalSection(ExtensibilityGlobals) = postSolution
		SolutionGuid = {251240F8-D1FB-4B67-9132-7F0CDD3F210E}
	EndGlobalSection
EndGlobal
