
Microsoft Visual Studio Solution File, Format Version 12.00
# Visual Studio Version 16
VisualStudioVersion = 16.0.29025.244
MinimumVisualStudioVersion = 10.0.40219.1
Project("{FAE04EC0-301F-11D3-BF4B-00C04F79EFBC}") = "BookApp", "BookApp\BookApp.csproj", "{32DEFF22-94C4-4ECC-90F8-981FB9F639FE}"
EndProject
Global
	GlobalSection(SolutionConfigurationPlatforms) = preSolution
		Debug|Any CPU = Debug|Any CPU
		Release|Any CPU = Release|Any CPU
	EndGlobalSection
	GlobalSection(ProjectConfigurationPlatforms) = postSolution
		{32DEFF22-94C4-4ECC-90F8-981FB9F639FE}.Debug|Any CPU.ActiveCfg = Debug|Any CPU
		{32DEFF22-94C4-4ECC-90F8-981FB9F639FE}.Debug|Any CPU.Build.0 = Debug|Any CPU
		{32DEFF22-94C4-4ECC-90F8-981FB9F639FE}.Release|Any CPU.ActiveCfg = Release|Any CPU
		{32DEFF22-94C4-4ECC-90F8-981FB9F639FE}.Release|Any CPU.Build.0 = Release|Any CPU
	EndGlobalSection
	GlobalSection(SolutionProperties) = preSolution
		HideSolutionNode = FALSE
	EndGlobalSection
	GlobalSection(ExtensibilityGlobals) = postSolution
		SolutionGuid = {300D59E4-A696-439D-AE8C-44DE161A723D}
	EndGlobalSection
EndGlobal
